
Microsoft Visual Studio Solution File, Format Version 12.00
# Visual Studio Version 17
VisualStudioVersion = 17.11.35327.3
MinimumVisualStudioVersion = 10.0.40219.1
Project("{FAE04EC0-301F-11D3-BF4B-00C04F79EFBC}") = "terst", "terst\terst.csproj", "{6AF56E15-59BD-4F63-98AC-86093C1A032F}"
EndProject
Global
	GlobalSection(SolutionConfigurationPlatforms) = preSolution
		Debug|Any CPU = Debug|Any CPU
		Debug|x64 = Debug|x64
		Release|Any CPU = Release|Any CPU
		Release|x64 = Release|x64
	EndGlobalSection
	GlobalSection(ProjectConfigurationPlatforms) = postSolution
		{6AF56E15-59BD-4F63-98AC-86093C1A032F}.Debug|Any CPU.ActiveCfg = Debug|Any CPU
		{6AF56E15-59BD-4F63-98AC-86093C1A032F}.Debug|Any CPU.Build.0 = Debug|Any CPU
		{6AF56E15-59BD-4F63-98AC-86093C1A032F}.Debug|x64.ActiveCfg = Debug|x64
		{6AF56E15-59BD-4F63-98AC-86093C1A032F}.Debug|x64.Build.0 = Debug|x64
		{6AF56E15-59BD-4F63-98AC-86093C1A032F}.Release|Any CPU.ActiveCfg = Release|Any CPU
		{6AF56E15-59BD-4F63-98AC-86093C1A032F}.Release|Any CPU.Build.0 = Release|Any CPU
		{6AF56E15-59BD-4F63-98AC-86093C1A032F}.Release|x64.ActiveCfg = Release|x64
		{6AF56E15-59BD-4F63-98AC-86093C1A032F}.Release|x64.Build.0 = Release|x64
	EndGlobalSection
	GlobalSection(SolutionProperties) = preSolution
		HideSolutionNode = FALSE
	EndGlobalSection
	GlobalSection(ExtensibilityGlobals) = postSolution
		SolutionGuid = {33921FEB-A4F2-4A92-83F3-AACAF6642A9D}
	EndGlobalSection
EndGlobal
